
Microsoft Visual Studio Solution File, Format Version 12.00
# Visual Studio Version 16
VisualStudioVersion = 16.0.30320.27
MinimumVisualStudioVersion = 10.0.40219.1
Project("{9A19103F-16F7-4668-BE54-9A1E7A4F7556}") = "Emailer", "Emailer\Emailer.csproj", "{A43E162E-269A-49AC-8CF0-C797A4BF1EFB}"
EndProject
Project("{FAE04EC0-301F-11D3-BF4B-00C04F79EFBC}") = "ParserEkb", "ParserEkb\ParserEkb.csproj", "{1D1FD2DA-B91D-4411-8FE0-580431012BAE}"
EndProject
Project("{FAE04EC0-301F-11D3-BF4B-00C04F79EFBC}") = "ParserKzn", "ParserKzn\ParserKzn.csproj", "{DC5F176F-512A-4B36-BE6C-8546C9E566FB}"
EndProject
Global
	GlobalSection(SolutionConfigurationPlatforms) = preSolution
		Debug|Any CPU = Debug|Any CPU
		Release|Any CPU = Release|Any CPU
	EndGlobalSection
	GlobalSection(ProjectConfigurationPlatforms) = postSolution
		{A43E162E-269A-49AC-8CF0-C797A4BF1EFB}.Debug|Any CPU.ActiveCfg = Debug|Any CPU
		{A43E162E-269A-49AC-8CF0-C797A4BF1EFB}.Debug|Any CPU.Build.0 = Debug|Any CPU
		{A43E162E-269A-49AC-8CF0-C797A4BF1EFB}.Release|Any CPU.ActiveCfg = Release|Any CPU
		{A43E162E-269A-49AC-8CF0-C797A4BF1EFB}.Release|Any CPU.Build.0 = Release|Any CPU
		{1D1FD2DA-B91D-4411-8FE0-580431012BAE}.Debug|Any CPU.ActiveCfg = Debug|Any CPU
		{1D1FD2DA-B91D-4411-8FE0-580431012BAE}.Debug|Any CPU.Build.0 = Debug|Any CPU
		{1D1FD2DA-B91D-4411-8FE0-580431012BAE}.Release|Any CPU.ActiveCfg = Release|Any CPU
		{1D1FD2DA-B91D-4411-8FE0-580431012BAE}.Release|Any CPU.Build.0 = Release|Any CPU
		{DC5F176F-512A-4B36-BE6C-8546C9E566FB}.Debug|Any CPU.ActiveCfg = Debug|Any CPU
		{DC5F176F-512A-4B36-BE6C-8546C9E566FB}.Debug|Any CPU.Build.0 = Debug|Any CPU
		{DC5F176F-512A-4B36-BE6C-8546C9E566FB}.Release|Any CPU.ActiveCfg = Release|Any CPU
		{DC5F176F-512A-4B36-BE6C-8546C9E566FB}.Release|Any CPU.Build.0 = Release|Any CPU
	EndGlobalSection
	GlobalSection(SolutionProperties) = preSolution
		HideSolutionNode = FALSE
	EndGlobalSection
	GlobalSection(ExtensibilityGlobals) = postSolution
		SolutionGuid = {81A6A5FE-6A0D-4E74-85BA-AFAAEEC8E6A1}
	EndGlobalSection
EndGlobal
